// !$*UTF8*$!
{
	archiveVersion = 1;
	classes = {
	};
	objectVersion = 46;
	objects = {

/* Begin PBXBuildFile section */
		3417FA841EBE0C5D009E5E29 /* MNRouteDetailsViewController.m in Sources */ = {isa = PBXBuildFile; fileRef = 3417FA831EBE0C5D009E5E29 /* MNRouteDetailsViewController.m */; };
		3417FA851EBE0C5D009E5E29 /* MNRouteDetailsViewController.m in Sources */ = {isa = PBXBuildFile; fileRef = 3417FA831EBE0C5D009E5E29 /* MNRouteDetailsViewController.m */; };
		3417FA861EBE0C5D009E5E29 /* MNRouteDetailsViewController.m in Sources */ = {isa = PBXBuildFile; fileRef = 3417FA831EBE0C5D009E5E29 /* MNRouteDetailsViewController.m */; };
		3417FA8A1EBE0EB4009E5E29 /* MNRouteDetailsForLineTableViewCell.m in Sources */ = {isa = PBXBuildFile; fileRef = 3417FA891EBE0EB4009E5E29 /* MNRouteDetailsForLineTableViewCell.m */; };
		3417FA8B1EBE0EB4009E5E29 /* MNRouteDetailsForLineTableViewCell.m in Sources */ = {isa = PBXBuildFile; fileRef = 3417FA891EBE0EB4009E5E29 /* MNRouteDetailsForLineTableViewCell.m */; };
		3417FA8C1EBE0EB4009E5E29 /* MNRouteDetailsForLineTableViewCell.m in Sources */ = {isa = PBXBuildFile; fileRef = 3417FA891EBE0EB4009E5E29 /* MNRouteDetailsForLineTableViewCell.m */; };
		3417FA8F1EBE1629009E5E29 /* MNLineRoute.m in Sources */ = {isa = PBXBuildFile; fileRef = 3417FA8E1EBE1629009E5E29 /* MNLineRoute.m */; };
		3417FA901EBE1629009E5E29 /* MNLineRoute.m in Sources */ = {isa = PBXBuildFile; fileRef = 3417FA8E1EBE1629009E5E29 /* MNLineRoute.m */; };
		3417FA911EBE1629009E5E29 /* MNLineRoute.m in Sources */ = {isa = PBXBuildFile; fileRef = 3417FA8E1EBE1629009E5E29 /* MNLineRoute.m */; };
		343BFB801EA802C100CEC472 /* main.m in Sources */ = {isa = PBXBuildFile; fileRef = 343BFB7F1EA802C100CEC472 /* main.m */; };
		343BFB831EA802C100CEC472 /* AppDelegate.m in Sources */ = {isa = PBXBuildFile; fileRef = 343BFB821EA802C100CEC472 /* AppDelegate.m */; };
		343BFB891EA802C100CEC472 /* Main.storyboard in Resources */ = {isa = PBXBuildFile; fileRef = 343BFB871EA802C100CEC472 /* Main.storyboard */; };
		343BFB8B1EA802C100CEC472 /* Assets.xcassets in Resources */ = {isa = PBXBuildFile; fileRef = 343BFB8A1EA802C100CEC472 /* Assets.xcassets */; };
		343BFB8E1EA802C100CEC472 /* LaunchScreen.storyboard in Resources */ = {isa = PBXBuildFile; fileRef = 343BFB8C1EA802C100CEC472 /* LaunchScreen.storyboard */; };
		343BFB991EA802C100CEC472 /* MetroNavigationTests.m in Sources */ = {isa = PBXBuildFile; fileRef = 343BFB981EA802C100CEC472 /* MetroNavigationTests.m */; };
		343BFBA41EA802C100CEC472 /* MetroNavigationUITests.m in Sources */ = {isa = PBXBuildFile; fileRef = 343BFBA31EA802C100CEC472 /* MetroNavigationUITests.m */; };
		343BFBB71EA8066E00CEC472 /* MetroGraphLogic.m in Sources */ = {isa = PBXBuildFile; fileRef = 343BFBB61EA8066E00CEC472 /* MetroGraphLogic.m */; };
		343BFBC01EA8068900CEC472 /* MNMetro.m in Sources */ = {isa = PBXBuildFile; fileRef = 343BFBB91EA8068900CEC472 /* MNMetro.m */; };
		343BFBC11EA8068900CEC472 /* MNMetro.m in Sources */ = {isa = PBXBuildFile; fileRef = 343BFBB91EA8068900CEC472 /* MNMetro.m */; };
		343BFBC21EA8068900CEC472 /* MNStation.m in Sources */ = {isa = PBXBuildFile; fileRef = 343BFBBB1EA8068900CEC472 /* MNStation.m */; };
		343BFBC31EA8068900CEC472 /* MNStation.m in Sources */ = {isa = PBXBuildFile; fileRef = 343BFBBB1EA8068900CEC472 /* MNStation.m */; };
		343BFBC41EA8068900CEC472 /* MNEdge.m in Sources */ = {isa = PBXBuildFile; fileRef = 343BFBBD1EA8068900CEC472 /* MNEdge.m */; };
		343BFBC51EA8068900CEC472 /* MNEdge.m in Sources */ = {isa = PBXBuildFile; fileRef = 343BFBBD1EA8068900CEC472 /* MNEdge.m */; };
		343BFBC61EA8068900CEC472 /* MNRoute.m in Sources */ = {isa = PBXBuildFile; fileRef = 343BFBBF1EA8068900CEC472 /* MNRoute.m */; };
		343BFBC71EA8068900CEC472 /* MNRoute.m in Sources */ = {isa = PBXBuildFile; fileRef = 343BFBBF1EA8068900CEC472 /* MNRoute.m */; };
		343BFBCA1EA8070500CEC472 /* MNDataAPI.m in Sources */ = {isa = PBXBuildFile; fileRef = 343BFBC91EA8070500CEC472 /* MNDataAPI.m */; };
		343BFBCB1EA8070500CEC472 /* MNDataAPI.m in Sources */ = {isa = PBXBuildFile; fileRef = 343BFBC91EA8070500CEC472 /* MNDataAPI.m */; };
		344DFA941EB8F73400960F6F /* MNMetro+JSON.m in Sources */ = {isa = PBXBuildFile; fileRef = 344DFA931EB8F73400960F6F /* MNMetro+JSON.m */; };
		344DFA951EB8F73400960F6F /* MNMetro+JSON.m in Sources */ = {isa = PBXBuildFile; fileRef = 344DFA931EB8F73400960F6F /* MNMetro+JSON.m */; };
		344DFA961EB8F73400960F6F /* MNMetro+JSON.m in Sources */ = {isa = PBXBuildFile; fileRef = 344DFA931EB8F73400960F6F /* MNMetro+JSON.m */; };
		344DFA991EB8F74700960F6F /* MNStation+JSON.m in Sources */ = {isa = PBXBuildFile; fileRef = 344DFA981EB8F74700960F6F /* MNStation+JSON.m */; };
		344DFA9A1EB8F74700960F6F /* MNStation+JSON.m in Sources */ = {isa = PBXBuildFile; fileRef = 344DFA981EB8F74700960F6F /* MNStation+JSON.m */; };
		344DFA9B1EB8F74700960F6F /* MNStation+JSON.m in Sources */ = {isa = PBXBuildFile; fileRef = 344DFA981EB8F74700960F6F /* MNStation+JSON.m */; };
		344DFAA31EB8F95900960F6F /* MNBaseSearchListViewController.m in Sources */ = {isa = PBXBuildFile; fileRef = 344DFAA21EB8F95900960F6F /* MNBaseSearchListViewController.m */; };
		344DFAA41EB8F95900960F6F /* MNBaseSearchListViewController.m in Sources */ = {isa = PBXBuildFile; fileRef = 344DFAA21EB8F95900960F6F /* MNBaseSearchListViewController.m */; };
		344DFAA51EB8F95900960F6F /* MNBaseSearchListViewController.m in Sources */ = {isa = PBXBuildFile; fileRef = 344DFAA21EB8F95900960F6F /* MNBaseSearchListViewController.m */; };
		3462DC111EB7B0FC00D77301 /* UIColor+MNColors.m in Sources */ = {isa = PBXBuildFile; fileRef = 3462DC101EB7B0FC00D77301 /* UIColor+MNColors.m */; };
		3462DC121EB7B0FC00D77301 /* UIColor+MNColors.m in Sources */ = {isa = PBXBuildFile; fileRef = 3462DC101EB7B0FC00D77301 /* UIColor+MNColors.m */; };
		3462DC131EB7B0FC00D77301 /* UIColor+MNColors.m in Sources */ = {isa = PBXBuildFile; fileRef = 3462DC101EB7B0FC00D77301 /* UIColor+MNColors.m */; };
		3462DC171EB85A5F00D77301 /* MNBarItemButton.m in Sources */ = {isa = PBXBuildFile; fileRef = 3462DC161EB85A5F00D77301 /* MNBarItemButton.m */; };
		3462DC181EB85A5F00D77301 /* MNBarItemButton.m in Sources */ = {isa = PBXBuildFile; fileRef = 3462DC161EB85A5F00D77301 /* MNBarItemButton.m */; };
		3462DC191EB85A5F00D77301 /* MNBarItemButton.m in Sources */ = {isa = PBXBuildFile; fileRef = 3462DC161EB85A5F00D77301 /* MNBarItemButton.m */; };
		3462DC2C1EB871AF00D77301 /* MNCitySearchViewController.m in Sources */ = {isa = PBXBuildFile; fileRef = 3462DC2B1EB871AF00D77301 /* MNCitySearchViewController.m */; };
		3462DC2D1EB871AF00D77301 /* MNCitySearchViewController.m in Sources */ = {isa = PBXBuildFile; fileRef = 3462DC2B1EB871AF00D77301 /* MNCitySearchViewController.m */; };
		3462DC2E1EB871AF00D77301 /* MNCitySearchViewController.m in Sources */ = {isa = PBXBuildFile; fileRef = 3462DC2B1EB871AF00D77301 /* MNCitySearchViewController.m */; };
		3462DC311EB8722D00D77301 /* MNCityButton.m in Sources */ = {isa = PBXBuildFile; fileRef = 3462DC301EB8722D00D77301 /* MNCityButton.m */; };
		3462DC321EB8722D00D77301 /* MNCityButton.m in Sources */ = {isa = PBXBuildFile; fileRef = 3462DC301EB8722D00D77301 /* MNCityButton.m */; };
		3462DC331EB8722D00D77301 /* MNCityButton.m in Sources */ = {isa = PBXBuildFile; fileRef = 3462DC301EB8722D00D77301 /* MNCityButton.m */; };
		3462DC361EB88F1B00D77301 /* MNCityTableViewCell.m in Sources */ = {isa = PBXBuildFile; fileRef = 3462DC351EB88F1B00D77301 /* MNCityTableViewCell.m */; };
		3462DC371EB88F1B00D77301 /* MNCityTableViewCell.m in Sources */ = {isa = PBXBuildFile; fileRef = 3462DC351EB88F1B00D77301 /* MNCityTableViewCell.m */; };
		3462DC381EB88F1B00D77301 /* MNCityTableViewCell.m in Sources */ = {isa = PBXBuildFile; fileRef = 3462DC351EB88F1B00D77301 /* MNCityTableViewCell.m */; };
		348CC5681EA9F8B700A7302D /* MNMetroRouteViewController.m in Sources */ = {isa = PBXBuildFile; fileRef = 348CC5671EA9F8B700A7302D /* MNMetroRouteViewController.m */; };
		348CC5691EA9F8B700A7302D /* MNMetroRouteViewController.m in Sources */ = {isa = PBXBuildFile; fileRef = 348CC5671EA9F8B700A7302D /* MNMetroRouteViewController.m */; };
		348D3AB71EABD04F00D341C6 /* MNMetroImageView.m in Sources */ = {isa = PBXBuildFile; fileRef = 348D3AB61EABD04F00D341C6 /* MNMetroImageView.m */; };
		348D3AB81EABD04F00D341C6 /* MNMetroImageView.m in Sources */ = {isa = PBXBuildFile; fileRef = 348D3AB61EABD04F00D341C6 /* MNMetroImageView.m */; };
		348D3AB91EABD04F00D341C6 /* MNMetroImageView.m in Sources */ = {isa = PBXBuildFile; fileRef = 348D3AB61EABD04F00D341C6 /* MNMetroImageView.m */; };
		349B7B261EBB272200BC37D0 /* MNDurationDescriptionLabel.m in Sources */ = {isa = PBXBuildFile; fileRef = 349B7B251EBB272200BC37D0 /* MNDurationDescriptionLabel.m */; };
		349B7B271EBB272200BC37D0 /* MNDurationDescriptionLabel.m in Sources */ = {isa = PBXBuildFile; fileRef = 349B7B251EBB272200BC37D0 /* MNDurationDescriptionLabel.m */; };
		349B7B281EBB272200BC37D0 /* MNDurationDescriptionLabel.m in Sources */ = {isa = PBXBuildFile; fileRef = 349B7B251EBB272200BC37D0 /* MNDurationDescriptionLabel.m */; };
		34D087F01EBD2367006FB6AE /* MNColor+JSON.m in Sources */ = {isa = PBXBuildFile; fileRef = 34D087EF1EBD2367006FB6AE /* MNColor+JSON.m */; };
		34D087F31EBD237B006FB6AE /* MNEdge+JSON.m in Sources */ = {isa = PBXBuildFile; fileRef = 34D087F21EBD237B006FB6AE /* MNEdge+JSON.m */; };
		34D087F41EBD237B006FB6AE /* MNEdge+JSON.m in Sources */ = {isa = PBXBuildFile; fileRef = 34D087F21EBD237B006FB6AE /* MNEdge+JSON.m */; };
		34D087F51EBD237B006FB6AE /* MNEdge+JSON.m in Sources */ = {isa = PBXBuildFile; fileRef = 34D087F21EBD237B006FB6AE /* MNEdge+JSON.m */; };
		34D087F81EBD239C006FB6AE /* MNLine+JSON.m in Sources */ = {isa = PBXBuildFile; fileRef = 34D087F71EBD239C006FB6AE /* MNLine+JSON.m */; };
		34D087F91EBD239C006FB6AE /* MNLine+JSON.m in Sources */ = {isa = PBXBuildFile; fileRef = 34D087F71EBD239C006FB6AE /* MNLine+JSON.m */; };
		34D087FA1EBD239C006FB6AE /* MNLine+JSON.m in Sources */ = {isa = PBXBuildFile; fileRef = 34D087F71EBD239C006FB6AE /* MNLine+JSON.m */; };
		34D088041EBD23CF006FB6AE /* MNColor.m in Sources */ = {isa = PBXBuildFile; fileRef = 34D088011EBD23CF006FB6AE /* MNColor.m */; };
		34D088051EBD23CF006FB6AE /* MNColor.m in Sources */ = {isa = PBXBuildFile; fileRef = 34D088011EBD23CF006FB6AE /* MNColor.m */; };
		34D088061EBD23CF006FB6AE /* MNColor.m in Sources */ = {isa = PBXBuildFile; fileRef = 34D088011EBD23CF006FB6AE /* MNColor.m */; };
		34D088071EBD23CF006FB6AE /* MNLine.m in Sources */ = {isa = PBXBuildFile; fileRef = 34D088031EBD23CF006FB6AE /* MNLine.m */; };
		34D088081EBD23CF006FB6AE /* MNLine.m in Sources */ = {isa = PBXBuildFile; fileRef = 34D088031EBD23CF006FB6AE /* MNLine.m */; };
		34D088091EBD23CF006FB6AE /* MNLine.m in Sources */ = {isa = PBXBuildFile; fileRef = 34D088031EBD23CF006FB6AE /* MNLine.m */; };
		34D2E9F71EB9145D0058E4F5 /* MNStationTableViewCell.m in Sources */ = {isa = PBXBuildFile; fileRef = 34D2E9F61EB9145D0058E4F5 /* MNStationTableViewCell.m */; };
		34D2E9FA1EB916220058E4F5 /* MNStationSearchViewController.m in Sources */ = {isa = PBXBuildFile; fileRef = 34D2E9F91EB916220058E4F5 /* MNStationSearchViewController.m */; };
		34D2E9FB1EB916220058E4F5 /* MNStationSearchViewController.m in Sources */ = {isa = PBXBuildFile; fileRef = 34D2E9F91EB916220058E4F5 /* MNStationSearchViewController.m */; };
		34D2E9FC1EB916220058E4F5 /* MNStationSearchViewController.m in Sources */ = {isa = PBXBuildFile; fileRef = 34D2E9F91EB916220058E4F5 /* MNStationSearchViewController.m */; };
		34D2EA041EB91B150058E4F5 /* MNMetroStateHolder.m in Sources */ = {isa = PBXBuildFile; fileRef = 34D2EA031EB91B150058E4F5 /* MNMetroStateHolder.m */; };
		34D2EA051EB91B150058E4F5 /* MNMetroStateHolder.m in Sources */ = {isa = PBXBuildFile; fileRef = 34D2EA031EB91B150058E4F5 /* MNMetroStateHolder.m */; };
		34D2EA061EB91B150058E4F5 /* MNMetroStateHolder.m in Sources */ = {isa = PBXBuildFile; fileRef = 34D2EA031EB91B150058E4F5 /* MNMetroStateHolder.m */; };
		34D2EA191EB9C8CE0058E4F5 /* MNStationButton.m in Sources */ = {isa = PBXBuildFile; fileRef = 34D2EA181EB9C8CE0058E4F5 /* MNStationButton.m */; };
		34D2EA1A1EB9C8CE0058E4F5 /* MNStationButton.m in Sources */ = {isa = PBXBuildFile; fileRef = 34D2EA181EB9C8CE0058E4F5 /* MNStationButton.m */; };
		34D2EA1B1EB9C8CE0058E4F5 /* MNStationButton.m in Sources */ = {isa = PBXBuildFile; fileRef = 34D2EA181EB9C8CE0058E4F5 /* MNStationButton.m */; };
		34F49EED1EBD25E30026BF8F /* UISearchBar+MNApearence.m in Sources */ = {isa = PBXBuildFile; fileRef = 34F49EEC1EBD25E30026BF8F /* UISearchBar+MNApearence.m */; };
		34F49EF51EBD273D0026BF8F /* MNSearchListNavigationBar.m in Sources */ = {isa = PBXBuildFile; fileRef = 34F49EF41EBD273D0026BF8F /* MNSearchListNavigationBar.m */; };
		34F49EF61EBD273D0026BF8F /* MNSearchListNavigationBar.m in Sources */ = {isa = PBXBuildFile; fileRef = 34F49EF41EBD273D0026BF8F /* MNSearchListNavigationBar.m */; };
		34F49EF71EBD273D0026BF8F /* MNSearchListNavigationBar.m in Sources */ = {isa = PBXBuildFile; fileRef = 34F49EF41EBD273D0026BF8F /* MNSearchListNavigationBar.m */; };
		34F49EF81EBD2C090026BF8F /* MNColor+JSON.m in Sources */ = {isa = PBXBuildFile; fileRef = 34D087EF1EBD2367006FB6AE /* MNColor+JSON.m */; };
		34F9D9121EB4E32F00322D64 /* MNMetroImageScrollView.m in Sources */ = {isa = PBXBuildFile; fileRef = 34F9D9111EB4E32F00322D64 /* MNMetroImageScrollView.m */; };
		34F9D9131EB4E32F00322D64 /* MNMetroImageScrollView.m in Sources */ = {isa = PBXBuildFile; fileRef = 34F9D9111EB4E32F00322D64 /* MNMetroImageScrollView.m */; };
		34F9D9141EB4E32F00322D64 /* MNMetroImageScrollView.m in Sources */ = {isa = PBXBuildFile; fileRef = 34F9D9111EB4E32F00322D64 /* MNMetroImageScrollView.m */; };
		34F9D9171EB5185200322D64 /* MNRouteDescriptionBannerView.m in Sources */ = {isa = PBXBuildFile; fileRef = 34F9D9161EB5185200322D64 /* MNRouteDescriptionBannerView.m */; };
		34F9D9181EB5185200322D64 /* MNRouteDescriptionBannerView.m in Sources */ = {isa = PBXBuildFile; fileRef = 34F9D9161EB5185200322D64 /* MNRouteDescriptionBannerView.m */; };
		34F9D9191EB5185200322D64 /* MNRouteDescriptionBannerView.m in Sources */ = {isa = PBXBuildFile; fileRef = 34F9D9161EB5185200322D64 /* MNRouteDescriptionBannerView.m */; };
/* End PBXBuildFile section */

/* Begin PBXContainerItemProxy section */
		343BFB951EA802C100CEC472 /* PBXContainerItemProxy */ = {
			isa = PBXContainerItemProxy;
			containerPortal = 343BFB731EA802C100CEC472 /* Project object */;
			proxyType = 1;
			remoteGlobalIDString = 343BFB7A1EA802C100CEC472;
			remoteInfo = MetroNavigation;
		};
		343BFBA01EA802C100CEC472 /* PBXContainerItemProxy */ = {
			isa = PBXContainerItemProxy;
			containerPortal = 343BFB731EA802C100CEC472 /* Project object */;
			proxyType = 1;
			remoteGlobalIDString = 343BFB7A1EA802C100CEC472;
			remoteInfo = MetroNavigation;
		};
/* End PBXContainerItemProxy section */

/* Begin PBXFileReference section */
		3417FA821EBE0C5D009E5E29 /* MNRouteDetailsViewController.h */ = {isa = PBXFileReference; fileEncoding = 4; lastKnownFileType = sourcecode.c.h; path = MNRouteDetailsViewController.h; sourceTree = "<group>"; };
		3417FA831EBE0C5D009E5E29 /* MNRouteDetailsViewController.m */ = {isa = PBXFileReference; fileEncoding = 4; lastKnownFileType = sourcecode.c.objc; path = MNRouteDetailsViewController.m; sourceTree = "<group>"; };
		3417FA881EBE0EB4009E5E29 /* MNRouteDetailsForLineTableViewCell.h */ = {isa = PBXFileReference; fileEncoding = 4; lastKnownFileType = sourcecode.c.h; path = MNRouteDetailsForLineTableViewCell.h; sourceTree = "<group>"; };
		3417FA891EBE0EB4009E5E29 /* MNRouteDetailsForLineTableViewCell.m */ = {isa = PBXFileReference; fileEncoding = 4; lastKnownFileType = sourcecode.c.objc; path = MNRouteDetailsForLineTableViewCell.m; sourceTree = "<group>"; };
		3417FA8D1EBE1629009E5E29 /* MNLineRoute.h */ = {isa = PBXFileReference; fileEncoding = 4; lastKnownFileType = sourcecode.c.h; path = MNLineRoute.h; sourceTree = "<group>"; };
		3417FA8E1EBE1629009E5E29 /* MNLineRoute.m */ = {isa = PBXFileReference; fileEncoding = 4; lastKnownFileType = sourcecode.c.objc; path = MNLineRoute.m; sourceTree = "<group>"; };
		343BFB7B1EA802C100CEC472 /* MetroNavigation.app */ = {isa = PBXFileReference; explicitFileType = wrapper.application; includeInIndex = 0; path = MetroNavigation.app; sourceTree = BUILT_PRODUCTS_DIR; };
		343BFB7F1EA802C100CEC472 /* main.m */ = {isa = PBXFileReference; lastKnownFileType = sourcecode.c.objc; path = main.m; sourceTree = "<group>"; };
		343BFB811EA802C100CEC472 /* AppDelegate.h */ = {isa = PBXFileReference; lastKnownFileType = sourcecode.c.h; path = AppDelegate.h; sourceTree = "<group>"; };
		343BFB821EA802C100CEC472 /* AppDelegate.m */ = {isa = PBXFileReference; lastKnownFileType = sourcecode.c.objc; path = AppDelegate.m; sourceTree = "<group>"; };
		343BFB881EA802C100CEC472 /* Base */ = {isa = PBXFileReference; lastKnownFileType = file.storyboard; name = Base; path = Base.lproj/Main.storyboard; sourceTree = "<group>"; };
		343BFB8A1EA802C100CEC472 /* Assets.xcassets */ = {isa = PBXFileReference; lastKnownFileType = folder.assetcatalog; path = Assets.xcassets; sourceTree = "<group>"; };
		343BFB8D1EA802C100CEC472 /* Base */ = {isa = PBXFileReference; lastKnownFileType = file.storyboard; name = Base; path = Base.lproj/LaunchScreen.storyboard; sourceTree = "<group>"; };
		343BFB8F1EA802C100CEC472 /* Info.plist */ = {isa = PBXFileReference; lastKnownFileType = text.plist.xml; path = Info.plist; sourceTree = "<group>"; };
		343BFB941EA802C100CEC472 /* MetroNavigationTests.xctest */ = {isa = PBXFileReference; explicitFileType = wrapper.cfbundle; includeInIndex = 0; path = MetroNavigationTests.xctest; sourceTree = BUILT_PRODUCTS_DIR; };
		343BFB981EA802C100CEC472 /* MetroNavigationTests.m */ = {isa = PBXFileReference; lastKnownFileType = sourcecode.c.objc; path = MetroNavigationTests.m; sourceTree = "<group>"; };
		343BFB9A1EA802C100CEC472 /* Info.plist */ = {isa = PBXFileReference; lastKnownFileType = text.plist.xml; path = Info.plist; sourceTree = "<group>"; };
		343BFB9F1EA802C100CEC472 /* MetroNavigationUITests.xctest */ = {isa = PBXFileReference; explicitFileType = wrapper.cfbundle; includeInIndex = 0; path = MetroNavigationUITests.xctest; sourceTree = BUILT_PRODUCTS_DIR; };
		343BFBA31EA802C100CEC472 /* MetroNavigationUITests.m */ = {isa = PBXFileReference; lastKnownFileType = sourcecode.c.objc; path = MetroNavigationUITests.m; sourceTree = "<group>"; };
		343BFBA51EA802C100CEC472 /* Info.plist */ = {isa = PBXFileReference; lastKnownFileType = text.plist.xml; path = Info.plist; sourceTree = "<group>"; };
		343BFBB61EA8066E00CEC472 /* MetroGraphLogic.m */ = {isa = PBXFileReference; fileEncoding = 4; lastKnownFileType = sourcecode.c.objc; path = MetroGraphLogic.m; sourceTree = "<group>"; };
		343BFBB81EA8068900CEC472 /* MNMetro.h */ = {isa = PBXFileReference; fileEncoding = 4; lastKnownFileType = sourcecode.c.h; path = MNMetro.h; sourceTree = "<group>"; };
		343BFBB91EA8068900CEC472 /* MNMetro.m */ = {isa = PBXFileReference; fileEncoding = 4; lastKnownFileType = sourcecode.c.objc; path = MNMetro.m; sourceTree = "<group>"; };
		343BFBBA1EA8068900CEC472 /* MNStation.h */ = {isa = PBXFileReference; fileEncoding = 4; lastKnownFileType = sourcecode.c.h; path = MNStation.h; sourceTree = "<group>"; };
		343BFBBB1EA8068900CEC472 /* MNStation.m */ = {isa = PBXFileReference; fileEncoding = 4; lastKnownFileType = sourcecode.c.objc; path = MNStation.m; sourceTree = "<group>"; };
		343BFBBC1EA8068900CEC472 /* MNEdge.h */ = {isa = PBXFileReference; fileEncoding = 4; lastKnownFileType = sourcecode.c.h; path = MNEdge.h; sourceTree = "<group>"; };
		343BFBBD1EA8068900CEC472 /* MNEdge.m */ = {isa = PBXFileReference; fileEncoding = 4; lastKnownFileType = sourcecode.c.objc; path = MNEdge.m; sourceTree = "<group>"; };
		343BFBBE1EA8068900CEC472 /* MNRoute.h */ = {isa = PBXFileReference; fileEncoding = 4; lastKnownFileType = sourcecode.c.h; path = MNRoute.h; sourceTree = "<group>"; };
		343BFBBF1EA8068900CEC472 /* MNRoute.m */ = {isa = PBXFileReference; fileEncoding = 4; lastKnownFileType = sourcecode.c.objc; path = MNRoute.m; sourceTree = "<group>"; };
		343BFBC81EA8070500CEC472 /* MNDataAPI.h */ = {isa = PBXFileReference; fileEncoding = 4; lastKnownFileType = sourcecode.c.h; path = MNDataAPI.h; sourceTree = "<group>"; };
		343BFBC91EA8070500CEC472 /* MNDataAPI.m */ = {isa = PBXFileReference; fileEncoding = 4; lastKnownFileType = sourcecode.c.objc; path = MNDataAPI.m; sourceTree = "<group>"; };
		344DFA921EB8F73400960F6F /* MNMetro+JSON.h */ = {isa = PBXFileReference; fileEncoding = 4; lastKnownFileType = sourcecode.c.h; path = "MNMetro+JSON.h"; sourceTree = "<group>"; };
		344DFA931EB8F73400960F6F /* MNMetro+JSON.m */ = {isa = PBXFileReference; fileEncoding = 4; lastKnownFileType = sourcecode.c.objc; path = "MNMetro+JSON.m"; sourceTree = "<group>"; };
		344DFA971EB8F74700960F6F /* MNStation+JSON.h */ = {isa = PBXFileReference; fileEncoding = 4; lastKnownFileType = sourcecode.c.h; path = "MNStation+JSON.h"; sourceTree = "<group>"; };
		344DFA981EB8F74700960F6F /* MNStation+JSON.m */ = {isa = PBXFileReference; fileEncoding = 4; lastKnownFileType = sourcecode.c.objc; path = "MNStation+JSON.m"; sourceTree = "<group>"; };
		344DFAA11EB8F95900960F6F /* MNBaseSearchListViewController.h */ = {isa = PBXFileReference; fileEncoding = 4; lastKnownFileType = sourcecode.c.h; path = MNBaseSearchListViewController.h; sourceTree = "<group>"; };
		344DFAA21EB8F95900960F6F /* MNBaseSearchListViewController.m */ = {isa = PBXFileReference; fileEncoding = 4; lastKnownFileType = sourcecode.c.objc; path = MNBaseSearchListViewController.m; sourceTree = "<group>"; };
		3462DC0F1EB7B0FC00D77301 /* UIColor+MNColors.h */ = {isa = PBXFileReference; fileEncoding = 4; lastKnownFileType = sourcecode.c.h; path = "UIColor+MNColors.h"; sourceTree = "<group>"; };
		3462DC101EB7B0FC00D77301 /* UIColor+MNColors.m */ = {isa = PBXFileReference; fileEncoding = 4; lastKnownFileType = sourcecode.c.objc; path = "UIColor+MNColors.m"; sourceTree = "<group>"; };
		3462DC151EB85A5F00D77301 /* MNBarItemButton.h */ = {isa = PBXFileReference; fileEncoding = 4; lastKnownFileType = sourcecode.c.h; path = MNBarItemButton.h; sourceTree = "<group>"; };
		3462DC161EB85A5F00D77301 /* MNBarItemButton.m */ = {isa = PBXFileReference; fileEncoding = 4; lastKnownFileType = sourcecode.c.objc; path = MNBarItemButton.m; sourceTree = "<group>"; };
		3462DC2A1EB871AF00D77301 /* MNCitySearchViewController.h */ = {isa = PBXFileReference; fileEncoding = 4; lastKnownFileType = sourcecode.c.h; path = MNCitySearchViewController.h; sourceTree = "<group>"; };
		3462DC2B1EB871AF00D77301 /* MNCitySearchViewController.m */ = {isa = PBXFileReference; fileEncoding = 4; lastKnownFileType = sourcecode.c.objc; path = MNCitySearchViewController.m; sourceTree = "<group>"; };
		3462DC2F1EB8722D00D77301 /* MNCityButton.h */ = {isa = PBXFileReference; fileEncoding = 4; lastKnownFileType = sourcecode.c.h; path = MNCityButton.h; sourceTree = "<group>"; };
		3462DC301EB8722D00D77301 /* MNCityButton.m */ = {isa = PBXFileReference; fileEncoding = 4; lastKnownFileType = sourcecode.c.objc; path = MNCityButton.m; sourceTree = "<group>"; };
		3462DC341EB88F1B00D77301 /* MNCityTableViewCell.h */ = {isa = PBXFileReference; fileEncoding = 4; lastKnownFileType = sourcecode.c.h; path = MNCityTableViewCell.h; sourceTree = "<group>"; };
		3462DC351EB88F1B00D77301 /* MNCityTableViewCell.m */ = {isa = PBXFileReference; fileEncoding = 4; lastKnownFileType = sourcecode.c.objc; path = MNCityTableViewCell.m; sourceTree = "<group>"; };
		348CC5661EA9F8B700A7302D /* MNMetroRouteViewController.h */ = {isa = PBXFileReference; fileEncoding = 4; lastKnownFileType = sourcecode.c.h; path = MNMetroRouteViewController.h; sourceTree = "<group>"; };
		348CC5671EA9F8B700A7302D /* MNMetroRouteViewController.m */ = {isa = PBXFileReference; fileEncoding = 4; lastKnownFileType = sourcecode.c.objc; path = MNMetroRouteViewController.m; sourceTree = "<group>"; };
		348D3AB51EABD04F00D341C6 /* MNMetroImageView.h */ = {isa = PBXFileReference; fileEncoding = 4; lastKnownFileType = sourcecode.c.h; path = MNMetroImageView.h; sourceTree = "<group>"; };
		348D3AB61EABD04F00D341C6 /* MNMetroImageView.m */ = {isa = PBXFileReference; fileEncoding = 4; lastKnownFileType = sourcecode.c.objc; path = MNMetroImageView.m; sourceTree = "<group>"; };
		349B7B241EBB272200BC37D0 /* MNDurationDescriptionLabel.h */ = {isa = PBXFileReference; fileEncoding = 4; lastKnownFileType = sourcecode.c.h; path = MNDurationDescriptionLabel.h; sourceTree = "<group>"; };
		349B7B251EBB272200BC37D0 /* MNDurationDescriptionLabel.m */ = {isa = PBXFileReference; fileEncoding = 4; lastKnownFileType = sourcecode.c.objc; path = MNDurationDescriptionLabel.m; sourceTree = "<group>"; };
		34D087EE1EBD2367006FB6AE /* MNColor+JSON.h */ = {isa = PBXFileReference; fileEncoding = 4; lastKnownFileType = sourcecode.c.h; path = "MNColor+JSON.h"; sourceTree = "<group>"; };
		34D087EF1EBD2367006FB6AE /* MNColor+JSON.m */ = {isa = PBXFileReference; fileEncoding = 4; lastKnownFileType = sourcecode.c.objc; path = "MNColor+JSON.m"; sourceTree = "<group>"; };
		34D087F11EBD237B006FB6AE /* MNEdge+JSON.h */ = {isa = PBXFileReference; fileEncoding = 4; lastKnownFileType = sourcecode.c.h; path = "MNEdge+JSON.h"; sourceTree = "<group>"; };
		34D087F21EBD237B006FB6AE /* MNEdge+JSON.m */ = {isa = PBXFileReference; fileEncoding = 4; lastKnownFileType = sourcecode.c.objc; path = "MNEdge+JSON.m"; sourceTree = "<group>"; };
		34D087F61EBD239C006FB6AE /* MNLine+JSON.h */ = {isa = PBXFileReference; fileEncoding = 4; lastKnownFileType = sourcecode.c.h; path = "MNLine+JSON.h"; sourceTree = "<group>"; };
		34D087F71EBD239C006FB6AE /* MNLine+JSON.m */ = {isa = PBXFileReference; fileEncoding = 4; lastKnownFileType = sourcecode.c.objc; path = "MNLine+JSON.m"; sourceTree = "<group>"; };
		34D088001EBD23CF006FB6AE /* MNColor.h */ = {isa = PBXFileReference; fileEncoding = 4; lastKnownFileType = sourcecode.c.h; path = MNColor.h; sourceTree = "<group>"; };
		34D088011EBD23CF006FB6AE /* MNColor.m */ = {isa = PBXFileReference; fileEncoding = 4; lastKnownFileType = sourcecode.c.objc; path = MNColor.m; sourceTree = "<group>"; };
		34D088021EBD23CF006FB6AE /* MNLine.h */ = {isa = PBXFileReference; fileEncoding = 4; lastKnownFileType = sourcecode.c.h; path = MNLine.h; sourceTree = "<group>"; };
		34D088031EBD23CF006FB6AE /* MNLine.m */ = {isa = PBXFileReference; fileEncoding = 4; lastKnownFileType = sourcecode.c.objc; path = MNLine.m; sourceTree = "<group>"; };
		34D2E9F51EB9145D0058E4F5 /* MNStationTableViewCell.h */ = {isa = PBXFileReference; fileEncoding = 4; lastKnownFileType = sourcecode.c.h; path = MNStationTableViewCell.h; sourceTree = "<group>"; };
		34D2E9F61EB9145D0058E4F5 /* MNStationTableViewCell.m */ = {isa = PBXFileReference; fileEncoding = 4; lastKnownFileType = sourcecode.c.objc; path = MNStationTableViewCell.m; sourceTree = "<group>"; };
		34D2E9F81EB916220058E4F5 /* MNStationSearchViewController.h */ = {isa = PBXFileReference; fileEncoding = 4; lastKnownFileType = sourcecode.c.h; path = MNStationSearchViewController.h; sourceTree = "<group>"; };
		34D2E9F91EB916220058E4F5 /* MNStationSearchViewController.m */ = {isa = PBXFileReference; fileEncoding = 4; lastKnownFileType = sourcecode.c.objc; path = MNStationSearchViewController.m; sourceTree = "<group>"; };
		34D2EA021EB91B150058E4F5 /* MNMetroStateHolder.h */ = {isa = PBXFileReference; fileEncoding = 4; lastKnownFileType = sourcecode.c.h; path = MNMetroStateHolder.h; sourceTree = "<group>"; };
		34D2EA031EB91B150058E4F5 /* MNMetroStateHolder.m */ = {isa = PBXFileReference; fileEncoding = 4; lastKnownFileType = sourcecode.c.objc; path = MNMetroStateHolder.m; sourceTree = "<group>"; };
		34D2EA171EB9C8CE0058E4F5 /* MNStationButton.h */ = {isa = PBXFileReference; fileEncoding = 4; lastKnownFileType = sourcecode.c.h; path = MNStationButton.h; sourceTree = "<group>"; };
		34D2EA181EB9C8CE0058E4F5 /* MNStationButton.m */ = {isa = PBXFileReference; fileEncoding = 4; lastKnownFileType = sourcecode.c.objc; path = MNStationButton.m; sourceTree = "<group>"; };
		34F49EEB1EBD25E30026BF8F /* UISearchBar+MNApearence.h */ = {isa = PBXFileReference; fileEncoding = 4; lastKnownFileType = sourcecode.c.h; path = "UISearchBar+MNApearence.h"; sourceTree = "<group>"; };
		34F49EEC1EBD25E30026BF8F /* UISearchBar+MNApearence.m */ = {isa = PBXFileReference; fileEncoding = 4; lastKnownFileType = sourcecode.c.objc; path = "UISearchBar+MNApearence.m"; sourceTree = "<group>"; };
		34F49EF31EBD273D0026BF8F /* MNSearchListNavigationBar.h */ = {isa = PBXFileReference; fileEncoding = 4; lastKnownFileType = sourcecode.c.h; path = MNSearchListNavigationBar.h; sourceTree = "<group>"; };
		34F49EF41EBD273D0026BF8F /* MNSearchListNavigationBar.m */ = {isa = PBXFileReference; fileEncoding = 4; lastKnownFileType = sourcecode.c.objc; path = MNSearchListNavigationBar.m; sourceTree = "<group>"; };
		34F9D9101EB4E32F00322D64 /* MNMetroImageScrollView.h */ = {isa = PBXFileReference; fileEncoding = 4; lastKnownFileType = sourcecode.c.h; path = MNMetroImageScrollView.h; sourceTree = "<group>"; };
		34F9D9111EB4E32F00322D64 /* MNMetroImageScrollView.m */ = {isa = PBXFileReference; fileEncoding = 4; lastKnownFileType = sourcecode.c.objc; path = MNMetroImageScrollView.m; sourceTree = "<group>"; };
		34F9D9151EB5185200322D64 /* MNRouteDescriptionBannerView.h */ = {isa = PBXFileReference; fileEncoding = 4; lastKnownFileType = sourcecode.c.h; path = MNRouteDescriptionBannerView.h; sourceTree = "<group>"; };
		34F9D9161EB5185200322D64 /* MNRouteDescriptionBannerView.m */ = {isa = PBXFileReference; fileEncoding = 4; lastKnownFileType = sourcecode.c.objc; path = MNRouteDescriptionBannerView.m; sourceTree = "<group>"; };
/* End PBXFileReference section */

/* Begin PBXFrameworksBuildPhase section */
		343BFB781EA802C100CEC472 /* Frameworks */ = {
			isa = PBXFrameworksBuildPhase;
			buildActionMask = 2147483647;
			files = (
			);
			runOnlyForDeploymentPostprocessing = 0;
		};
		343BFB911EA802C100CEC472 /* Frameworks */ = {
			isa = PBXFrameworksBuildPhase;
			buildActionMask = 2147483647;
			files = (
			);
			runOnlyForDeploymentPostprocessing = 0;
		};
		343BFB9C1EA802C100CEC472 /* Frameworks */ = {
			isa = PBXFrameworksBuildPhase;
			buildActionMask = 2147483647;
			files = (
			);
			runOnlyForDeploymentPostprocessing = 0;
		};
/* End PBXFrameworksBuildPhase section */

/* Begin PBXGroup section */
		3417FA871EBE0E04009E5E29 /* Route Details */ = {
			isa = PBXGroup;
			children = (
				3417FA881EBE0EB4009E5E29 /* MNRouteDetailsForLineTableViewCell.h */,
				3417FA891EBE0EB4009E5E29 /* MNRouteDetailsForLineTableViewCell.m */,
			);
			name = "Route Details";
			sourceTree = "<group>";
		};
		343BFB721EA802C100CEC472 = {
			isa = PBXGroup;
			children = (
				343BFB7D1EA802C100CEC472 /* MetroNavigation */,
				343BFB971EA802C100CEC472 /* MetroNavigationTests */,
				343BFBA21EA802C100CEC472 /* MetroNavigationUITests */,
				343BFB7C1EA802C100CEC472 /* Products */,
			);
			sourceTree = "<group>";
		};
		343BFB7C1EA802C100CEC472 /* Products */ = {
			isa = PBXGroup;
			children = (
				343BFB7B1EA802C100CEC472 /* MetroNavigation.app */,
				343BFB941EA802C100CEC472 /* MetroNavigationTests.xctest */,
				343BFB9F1EA802C100CEC472 /* MetroNavigationUITests.xctest */,
			);
			name = Products;
			sourceTree = "<group>";
		};
		343BFB7D1EA802C100CEC472 /* MetroNavigation */ = {
			isa = PBXGroup;
			children = (
				343BFBB31EA802F400CEC472 /* Data Models */,
				343BFBB11EA802EE00CEC472 /* View */,
				343BFBB51EA8031900CEC472 /* View Controllers */,
				343BFBB21EA802F100CEC472 /* Services */,
				343BFBB41EA802F700CEC472 /* Application */,
			);
			path = MetroNavigation;
			sourceTree = "<group>";
		};
		343BFB7E1EA802C100CEC472 /* Supporting Files */ = {
			isa = PBXGroup;
			children = (
				343BFB7F1EA802C100CEC472 /* main.m */,
			);
			name = "Supporting Files";
			sourceTree = "<group>";
		};
		343BFB971EA802C100CEC472 /* MetroNavigationTests */ = {
			isa = PBXGroup;
			children = (
				343BFB981EA802C100CEC472 /* MetroNavigationTests.m */,
				343BFBB61EA8066E00CEC472 /* MetroGraphLogic.m */,
				343BFB9A1EA802C100CEC472 /* Info.plist */,
			);
			path = MetroNavigationTests;
			sourceTree = "<group>";
		};
		343BFBA21EA802C100CEC472 /* MetroNavigationUITests */ = {
			isa = PBXGroup;
			children = (
				343BFBA31EA802C100CEC472 /* MetroNavigationUITests.m */,
				343BFBA51EA802C100CEC472 /* Info.plist */,
			);
			path = MetroNavigationUITests;
			sourceTree = "<group>";
		};
		343BFBB11EA802EE00CEC472 /* View */ = {
			isa = PBXGroup;
			children = (
				3462DC141EB7BABE00D77301 /* Colors */,
				349B7B291EBB4EAE00BC37D0 /* Metro Route */,
				349B7B231EBB260800BC37D0 /* Route Description Banner */,
				349B7B2B1EBB4F3F00BC37D0 /* Station Search */,
				349B7B2A1EBB4F1500BC37D0 /* City Search */,
				3417FA871EBE0E04009E5E29 /* Route Details */,
			);
			name = View;
			sourceTree = "<group>";
		};
		343BFBB21EA802F100CEC472 /* Services */ = {
			isa = PBXGroup;
			children = (
				343BFBC81EA8070500CEC472 /* MNDataAPI.h */,
				343BFBC91EA8070500CEC472 /* MNDataAPI.m */,
				34D2EA021EB91B150058E4F5 /* MNMetroStateHolder.h */,
				34D2EA031EB91B150058E4F5 /* MNMetroStateHolder.m */,
			);
			name = Services;
			sourceTree = "<group>";
		};
		343BFBB31EA802F400CEC472 /* Data Models */ = {
			isa = PBXGroup;
			children = (
				344DFA911EB8F6E900960F6F /* JSON Helpers */,
				343BFBB81EA8068900CEC472 /* MNMetro.h */,
				343BFBB91EA8068900CEC472 /* MNMetro.m */,
				343BFBBA1EA8068900CEC472 /* MNStation.h */,
				343BFBBB1EA8068900CEC472 /* MNStation.m */,
				343BFBBC1EA8068900CEC472 /* MNEdge.h */,
				343BFBBD1EA8068900CEC472 /* MNEdge.m */,
				34D088001EBD23CF006FB6AE /* MNColor.h */,
				34D088011EBD23CF006FB6AE /* MNColor.m */,
				34D088021EBD23CF006FB6AE /* MNLine.h */,
				34D088031EBD23CF006FB6AE /* MNLine.m */,
				343BFBBE1EA8068900CEC472 /* MNRoute.h */,
				343BFBBF1EA8068900CEC472 /* MNRoute.m */,
				3417FA8D1EBE1629009E5E29 /* MNLineRoute.h */,
				3417FA8E1EBE1629009E5E29 /* MNLineRoute.m */,
			);
			name = "Data Models";
			sourceTree = "<group>";
		};
		343BFBB41EA802F700CEC472 /* Application */ = {
			isa = PBXGroup;
			children = (
				343BFB7E1EA802C100CEC472 /* Supporting Files */,
				343BFB811EA802C100CEC472 /* AppDelegate.h */,
				343BFB821EA802C100CEC472 /* AppDelegate.m */,
				343BFB871EA802C100CEC472 /* Main.storyboard */,
				343BFB8C1EA802C100CEC472 /* LaunchScreen.storyboard */,
				343BFB8A1EA802C100CEC472 /* Assets.xcassets */,
				343BFB8F1EA802C100CEC472 /* Info.plist */,
			);
			name = Application;
			sourceTree = "<group>";
		};
		343BFBB51EA8031900CEC472 /* View Controllers */ = {
			isa = PBXGroup;
			children = (
				348CC5661EA9F8B700A7302D /* MNMetroRouteViewController.h */,
				348CC5671EA9F8B700A7302D /* MNMetroRouteViewController.m */,
				344DFAA11EB8F95900960F6F /* MNBaseSearchListViewController.h */,
				344DFAA21EB8F95900960F6F /* MNBaseSearchListViewController.m */,
				3462DC2A1EB871AF00D77301 /* MNCitySearchViewController.h */,
				3462DC2B1EB871AF00D77301 /* MNCitySearchViewController.m */,
				34D2E9F81EB916220058E4F5 /* MNStationSearchViewController.h */,
				34D2E9F91EB916220058E4F5 /* MNStationSearchViewController.m */,
				3417FA821EBE0C5D009E5E29 /* MNRouteDetailsViewController.h */,
				3417FA831EBE0C5D009E5E29 /* MNRouteDetailsViewController.m */,
			);
			name = "View Controllers";
			sourceTree = "<group>";
		};
		344DFA911EB8F6E900960F6F /* JSON Helpers */ = {
			isa = PBXGroup;
			children = (
				344DFA921EB8F73400960F6F /* MNMetro+JSON.h */,
				344DFA931EB8F73400960F6F /* MNMetro+JSON.m */,
				34D087F11EBD237B006FB6AE /* MNEdge+JSON.h */,
				34D087F21EBD237B006FB6AE /* MNEdge+JSON.m */,
				344DFA971EB8F74700960F6F /* MNStation+JSON.h */,
				344DFA981EB8F74700960F6F /* MNStation+JSON.m */,
				34D087EE1EBD2367006FB6AE /* MNColor+JSON.h */,
				34D087EF1EBD2367006FB6AE /* MNColor+JSON.m */,
				34D087F61EBD239C006FB6AE /* MNLine+JSON.h */,
				34D087F71EBD239C006FB6AE /* MNLine+JSON.m */,
			);
			name = "JSON Helpers";
			sourceTree = "<group>";
		};
		3462DC141EB7BABE00D77301 /* Colors */ = {
			isa = PBXGroup;
			children = (
				3462DC0F1EB7B0FC00D77301 /* UIColor+MNColors.h */,
				3462DC101EB7B0FC00D77301 /* UIColor+MNColors.m */,
			);
			name = Colors;
			sourceTree = "<group>";
		};
		349B7B231EBB260800BC37D0 /* Route Description Banner */ = {
			isa = PBXGroup;
			children = (
				34F9D9151EB5185200322D64 /* MNRouteDescriptionBannerView.h */,
				34F9D9161EB5185200322D64 /* MNRouteDescriptionBannerView.m */,
				34D2EA171EB9C8CE0058E4F5 /* MNStationButton.h */,
				34D2EA181EB9C8CE0058E4F5 /* MNStationButton.m */,
				3462DC151EB85A5F00D77301 /* MNBarItemButton.h */,
				3462DC161EB85A5F00D77301 /* MNBarItemButton.m */,
				349B7B241EBB272200BC37D0 /* MNDurationDescriptionLabel.h */,
				349B7B251EBB272200BC37D0 /* MNDurationDescriptionLabel.m */,
			);
			name = "Route Description Banner";
			sourceTree = "<group>";
		};
		349B7B291EBB4EAE00BC37D0 /* Metro Route */ = {
			isa = PBXGroup;
			children = (
				348D3AB51EABD04F00D341C6 /* MNMetroImageView.h */,
				348D3AB61EABD04F00D341C6 /* MNMetroImageView.m */,
				34F9D9101EB4E32F00322D64 /* MNMetroImageScrollView.h */,
				34F9D9111EB4E32F00322D64 /* MNMetroImageScrollView.m */,
				3462DC2F1EB8722D00D77301 /* MNCityButton.h */,
				3462DC301EB8722D00D77301 /* MNCityButton.m */,
			);
			name = "Metro Route";
			sourceTree = "<group>";
		};
		349B7B2A1EBB4F1500BC37D0 /* City Search */ = {
			isa = PBXGroup;
			children = (
				3462DC341EB88F1B00D77301 /* MNCityTableViewCell.h */,
				3462DC351EB88F1B00D77301 /* MNCityTableViewCell.m */,
			);
			name = "City Search";
			sourceTree = "<group>";
		};
		349B7B2B1EBB4F3F00BC37D0 /* Station Search */ = {
			isa = PBXGroup;
			children = (
				34D2E9F51EB9145D0058E4F5 /* MNStationTableViewCell.h */,
				34D2E9F61EB9145D0058E4F5 /* MNStationTableViewCell.m */,
				34F49EF31EBD273D0026BF8F /* MNSearchListNavigationBar.h */,
				34F49EF41EBD273D0026BF8F /* MNSearchListNavigationBar.m */,
				34F49EEB1EBD25E30026BF8F /* UISearchBar+MNApearence.h */,
				34F49EEC1EBD25E30026BF8F /* UISearchBar+MNApearence.m */,
			);
			name = "Station Search";
			sourceTree = "<group>";
		};
/* End PBXGroup section */

/* Begin PBXNativeTarget section */
		343BFB7A1EA802C100CEC472 /* MetroNavigation */ = {
			isa = PBXNativeTarget;
			buildConfigurationList = 343BFBA81EA802C100CEC472 /* Build configuration list for PBXNativeTarget "MetroNavigation" */;
			buildPhases = (
				343BFB771EA802C100CEC472 /* Sources */,
				343BFB781EA802C100CEC472 /* Frameworks */,
				343BFB791EA802C100CEC472 /* Resources */,
			);
			buildRules = (
			);
			dependencies = (
			);
			name = MetroNavigation;
			productName = MetroNavigation;
			productReference = 343BFB7B1EA802C100CEC472 /* MetroNavigation.app */;
			productType = "com.apple.product-type.application";
		};
		343BFB931EA802C100CEC472 /* MetroNavigationTests */ = {
			isa = PBXNativeTarget;
			buildConfigurationList = 343BFBAB1EA802C100CEC472 /* Build configuration list for PBXNativeTarget "MetroNavigationTests" */;
			buildPhases = (
				343BFB901EA802C100CEC472 /* Sources */,
				343BFB911EA802C100CEC472 /* Frameworks */,
				343BFB921EA802C100CEC472 /* Resources */,
			);
			buildRules = (
			);
			dependencies = (
				343BFB961EA802C100CEC472 /* PBXTargetDependency */,
			);
			name = MetroNavigationTests;
			productName = MetroNavigationTests;
			productReference = 343BFB941EA802C100CEC472 /* MetroNavigationTests.xctest */;
			productType = "com.apple.product-type.bundle.unit-test";
		};
		343BFB9E1EA802C100CEC472 /* MetroNavigationUITests */ = {
			isa = PBXNativeTarget;
			buildConfigurationList = 343BFBAE1EA802C100CEC472 /* Build configuration list for PBXNativeTarget "MetroNavigationUITests" */;
			buildPhases = (
				343BFB9B1EA802C100CEC472 /* Sources */,
				343BFB9C1EA802C100CEC472 /* Frameworks */,
				343BFB9D1EA802C100CEC472 /* Resources */,
			);
			buildRules = (
			);
			dependencies = (
				343BFBA11EA802C100CEC472 /* PBXTargetDependency */,
			);
			name = MetroNavigationUITests;
			productName = MetroNavigationUITests;
			productReference = 343BFB9F1EA802C100CEC472 /* MetroNavigationUITests.xctest */;
			productType = "com.apple.product-type.bundle.ui-testing";
		};
/* End PBXNativeTarget section */

/* Begin PBXProject section */
		343BFB731EA802C100CEC472 /* Project object */ = {
			isa = PBXProject;
			attributes = {
				LastUpgradeCheck = 0820;
				ORGANIZATIONNAME = "Nikita Kirichek";
				TargetAttributes = {
					343BFB7A1EA802C100CEC472 = {
						CreatedOnToolsVersion = 8.2.1;
						DevelopmentTeam = YSVD2VLRXZ;
						ProvisioningStyle = Automatic;
					};
					343BFB931EA802C100CEC472 = {
						CreatedOnToolsVersion = 8.2.1;
						DevelopmentTeam = YSVD2VLRXZ;
						ProvisioningStyle = Automatic;
						TestTargetID = 343BFB7A1EA802C100CEC472;
					};
					343BFB9E1EA802C100CEC472 = {
						CreatedOnToolsVersion = 8.2.1;
						DevelopmentTeam = YSVD2VLRXZ;
						ProvisioningStyle = Automatic;
						TestTargetID = 343BFB7A1EA802C100CEC472;
					};
				};
			};
			buildConfigurationList = 343BFB761EA802C100CEC472 /* Build configuration list for PBXProject "MetroNavigation" */;
			compatibilityVersion = "Xcode 3.2";
			developmentRegion = English;
			hasScannedForEncodings = 0;
			knownRegions = (
				en,
				Base,
			);
			mainGroup = 343BFB721EA802C100CEC472;
			productRefGroup = 343BFB7C1EA802C100CEC472 /* Products */;
			projectDirPath = "";
			projectRoot = "";
			targets = (
				343BFB7A1EA802C100CEC472 /* MetroNavigation */,
				343BFB931EA802C100CEC472 /* MetroNavigationTests */,
				343BFB9E1EA802C100CEC472 /* MetroNavigationUITests */,
			);
		};
/* End PBXProject section */

/* Begin PBXResourcesBuildPhase section */
		343BFB791EA802C100CEC472 /* Resources */ = {
			isa = PBXResourcesBuildPhase;
			buildActionMask = 2147483647;
			files = (
				343BFB8E1EA802C100CEC472 /* LaunchScreen.storyboard in Resources */,
				343BFB8B1EA802C100CEC472 /* Assets.xcassets in Resources */,
				343BFB891EA802C100CEC472 /* Main.storyboard in Resources */,
			);
			runOnlyForDeploymentPostprocessing = 0;
		};
		343BFB921EA802C100CEC472 /* Resources */ = {
			isa = PBXResourcesBuildPhase;
			buildActionMask = 2147483647;
			files = (
			);
			runOnlyForDeploymentPostprocessing = 0;
		};
		343BFB9D1EA802C100CEC472 /* Resources */ = {
			isa = PBXResourcesBuildPhase;
			buildActionMask = 2147483647;
			files = (
			);
			runOnlyForDeploymentPostprocessing = 0;
		};
/* End PBXResourcesBuildPhase section */

/* Begin PBXSourcesBuildPhase section */
		343BFB771EA802C100CEC472 /* Sources */ = {
			isa = PBXSourcesBuildPhase;
			buildActionMask = 2147483647;
			files = (
				343BFBCA1EA8070500CEC472 /* MNDataAPI.m in Sources */,
				343BFBC41EA8068900CEC472 /* MNEdge.m in Sources */,
				3417FA8F1EBE1629009E5E29 /* MNLineRoute.m in Sources */,
				34D2E9F71EB9145D0058E4F5 /* MNStationTableViewCell.m in Sources */,
				34F49EED1EBD25E30026BF8F /* UISearchBar+MNApearence.m in Sources */,
				34D087F31EBD237B006FB6AE /* MNEdge+JSON.m in Sources */,
				3462DC361EB88F1B00D77301 /* MNCityTableViewCell.m in Sources */,
				343BFB831EA802C100CEC472 /* AppDelegate.m in Sources */,
				3462DC2C1EB871AF00D77301 /* MNCitySearchViewController.m in Sources */,
				3417FA841EBE0C5D009E5E29 /* MNRouteDetailsViewController.m in Sources */,
				344DFA991EB8F74700960F6F /* MNStation+JSON.m in Sources */,
				34F9D9171EB5185200322D64 /* MNRouteDescriptionBannerView.m in Sources */,
				3462DC171EB85A5F00D77301 /* MNBarItemButton.m in Sources */,
				3462DC111EB7B0FC00D77301 /* UIColor+MNColors.m in Sources */,
				34D087F01EBD2367006FB6AE /* MNColor+JSON.m in Sources */,
				34D087F81EBD239C006FB6AE /* MNLine+JSON.m in Sources */,
				34F9D9121EB4E32F00322D64 /* MNMetroImageScrollView.m in Sources */,
				343BFBC01EA8068900CEC472 /* MNMetro.m in Sources */,
				34D2E9FA1EB916220058E4F5 /* MNStationSearchViewController.m in Sources */,
				343BFB801EA802C100CEC472 /* main.m in Sources */,
				343BFBC21EA8068900CEC472 /* MNStation.m in Sources */,
				34F49EF51EBD273D0026BF8F /* MNSearchListNavigationBar.m in Sources */,
				34D2EA041EB91B150058E4F5 /* MNMetroStateHolder.m in Sources */,
				34D088071EBD23CF006FB6AE /* MNLine.m in Sources */,
				3462DC311EB8722D00D77301 /* MNCityButton.m in Sources */,
				34D2EA191EB9C8CE0058E4F5 /* MNStationButton.m in Sources */,
				343BFBC61EA8068900CEC472 /* MNRoute.m in Sources */,
				344DFA941EB8F73400960F6F /* MNMetro+JSON.m in Sources */,
				349B7B261EBB272200BC37D0 /* MNDurationDescriptionLabel.m in Sources */,
				348CC5681EA9F8B700A7302D /* MNMetroRouteViewController.m in Sources */,
				348D3AB71EABD04F00D341C6 /* MNMetroImageView.m in Sources */,
				3417FA8A1EBE0EB4009E5E29 /* MNRouteDetailsForLineTableViewCell.m in Sources */,
				34D088041EBD23CF006FB6AE /* MNColor.m in Sources */,
				344DFAA31EB8F95900960F6F /* MNBaseSearchListViewController.m in Sources */,
			);
			runOnlyForDeploymentPostprocessing = 0;
		};
		343BFB901EA802C100CEC472 /* Sources */ = {
			isa = PBXSourcesBuildPhase;
			buildActionMask = 2147483647;
			files = (
				3417FA851EBE0C5D009E5E29 /* MNRouteDetailsViewController.m in Sources */,
				34F49EF81EBD2C090026BF8F /* MNColor+JSON.m in Sources */,
				3462DC2D1EB871AF00D77301 /* MNCitySearchViewController.m in Sources */,
				3462DC371EB88F1B00D77301 /* MNCityTableViewCell.m in Sources */,
				34F9D9131EB4E32F00322D64 /* MNMetroImageScrollView.m in Sources */,
				344DFAA41EB8F95900960F6F /* MNBaseSearchListViewController.m in Sources */,
				343BFB991EA802C100CEC472 /* MetroNavigationTests.m in Sources */,
				348D3AB81EABD04F00D341C6 /* MNMetroImageView.m in Sources */,
				34D087F91EBD239C006FB6AE /* MNLine+JSON.m in Sources */,
				343BFBCB1EA8070500CEC472 /* MNDataAPI.m in Sources */,
				343BFBC11EA8068900CEC472 /* MNMetro.m in Sources */,
				344DFA951EB8F73400960F6F /* MNMetro+JSON.m in Sources */,
				3462DC121EB7B0FC00D77301 /* UIColor+MNColors.m in Sources */,
				34D088081EBD23CF006FB6AE /* MNLine.m in Sources */,
				34D2EA1A1EB9C8CE0058E4F5 /* MNStationButton.m in Sources */,
				3417FA8B1EBE0EB4009E5E29 /* MNRouteDetailsForLineTableViewCell.m in Sources */,
				3462DC181EB85A5F00D77301 /* MNBarItemButton.m in Sources */,
				343BFBC51EA8068900CEC472 /* MNEdge.m in Sources */,
				34D087F41EBD237B006FB6AE /* MNEdge+JSON.m in Sources */,
				344DFA9A1EB8F74700960F6F /* MNStation+JSON.m in Sources */,
				34F9D9181EB5185200322D64 /* MNRouteDescriptionBannerView.m in Sources */,
				349B7B271EBB272200BC37D0 /* MNDurationDescriptionLabel.m in Sources */,
				34D2E9FB1EB916220058E4F5 /* MNStationSearchViewController.m in Sources */,
				34D088051EBD23CF006FB6AE /* MNColor.m in Sources */,
				3462DC321EB8722D00D77301 /* MNCityButton.m in Sources */,
				34F49EF61EBD273D0026BF8F /* MNSearchListNavigationBar.m in Sources */,
				343BFBB71EA8066E00CEC472 /* MetroGraphLogic.m in Sources */,
				3417FA901EBE1629009E5E29 /* MNLineRoute.m in Sources */,
				343BFBC71EA8068900CEC472 /* MNRoute.m in Sources */,
				343BFBC31EA8068900CEC472 /* MNStation.m in Sources */,
				34D2EA051EB91B150058E4F5 /* MNMetroStateHolder.m in Sources */,
			);
			runOnlyForDeploymentPostprocessing = 0;
		};
		343BFB9B1EA802C100CEC472 /* Sources */ = {
			isa = PBXSourcesBuildPhase;
			buildActionMask = 2147483647;
			files = (
				34D2EA1B1EB9C8CE0058E4F5 /* MNStationButton.m in Sources */,
				34D2EA061EB91B150058E4F5 /* MNMetroStateHolder.m in Sources */,
				34F9D9141EB4E32F00322D64 /* MNMetroImageScrollView.m in Sources */,
				3462DC131EB7B0FC00D77301 /* UIColor+MNColors.m in Sources */,
				3417FA911EBE1629009E5E29 /* MNLineRoute.m in Sources */,
				34D088091EBD23CF006FB6AE /* MNLine.m in Sources */,
				3462DC381EB88F1B00D77301 /* MNCityTableViewCell.m in Sources */,
				3417FA861EBE0C5D009E5E29 /* MNRouteDetailsViewController.m in Sources */,
				3462DC331EB8722D00D77301 /* MNCityButton.m in Sources */,
				344DFAA51EB8F95900960F6F /* MNBaseSearchListViewController.m in Sources */,
				3417FA8C1EBE0EB4009E5E29 /* MNRouteDetailsForLineTableViewCell.m in Sources */,
				344DFA9B1EB8F74700960F6F /* MNStation+JSON.m in Sources */,
				34F9D9191EB5185200322D64 /* MNRouteDescriptionBannerView.m in Sources */,
				348D3AB91EABD04F00D341C6 /* MNMetroImageView.m in Sources */,
				349B7B281EBB272200BC37D0 /* MNDurationDescriptionLabel.m in Sources */,
				344DFA961EB8F73400960F6F /* MNMetro+JSON.m in Sources */,
				34D087FA1EBD239C006FB6AE /* MNLine+JSON.m in Sources */,
				3462DC2E1EB871AF00D77301 /* MNCitySearchViewController.m in Sources */,
				3462DC191EB85A5F00D77301 /* MNBarItemButton.m in Sources */,
				34F49EF71EBD273D0026BF8F /* MNSearchListNavigationBar.m in Sources */,
				34D2E9FC1EB916220058E4F5 /* MNStationSearchViewController.m in Sources */,
				34D087F51EBD237B006FB6AE /* MNEdge+JSON.m in Sources */,
				348CC5691EA9F8B700A7302D /* MNMetroRouteViewController.m in Sources */,
				34D088061EBD23CF006FB6AE /* MNColor.m in Sources */,
				343BFBA41EA802C100CEC472 /* MetroNavigationUITests.m in Sources */,
			);
			runOnlyForDeploymentPostprocessing = 0;
		};
/* End PBXSourcesBuildPhase section */

/* Begin PBXTargetDependency section */
		343BFB961EA802C100CEC472 /* PBXTargetDependency */ = {
			isa = PBXTargetDependency;
			target = 343BFB7A1EA802C100CEC472 /* MetroNavigation */;
			targetProxy = 343BFB951EA802C100CEC472 /* PBXContainerItemProxy */;
		};
		343BFBA11EA802C100CEC472 /* PBXTargetDependency */ = {
			isa = PBXTargetDependency;
			target = 343BFB7A1EA802C100CEC472 /* MetroNavigation */;
			targetProxy = 343BFBA01EA802C100CEC472 /* PBXContainerItemProxy */;
		};
/* End PBXTargetDependency section */

/* Begin PBXVariantGroup section */
		343BFB871EA802C100CEC472 /* Main.storyboard */ = {
			isa = PBXVariantGroup;
			children = (
				343BFB881EA802C100CEC472 /* Base */,
			);
			name = Main.storyboard;
			sourceTree = "<group>";
		};
		343BFB8C1EA802C100CEC472 /* LaunchScreen.storyboard */ = {
			isa = PBXVariantGroup;
			children = (
				343BFB8D1EA802C100CEC472 /* Base */,
			);
			name = LaunchScreen.storyboard;
			sourceTree = "<group>";
		};
/* End PBXVariantGroup section */

/* Begin XCBuildConfiguration section */
		343BFBA61EA802C100CEC472 /* Debug */ = {
			isa = XCBuildConfiguration;
			buildSettings = {
				ALWAYS_SEARCH_USER_PATHS = NO;
				CLANG_ANALYZER_NONNULL = YES;
				CLANG_CXX_LANGUAGE_STANDARD = "gnu++0x";
				CLANG_CXX_LIBRARY = "libc++";
				CLANG_ENABLE_MODULES = YES;
				CLANG_ENABLE_OBJC_ARC = YES;
				CLANG_WARN_BOOL_CONVERSION = YES;
				CLANG_WARN_CONSTANT_CONVERSION = YES;
				CLANG_WARN_DIRECT_OBJC_ISA_USAGE = YES_ERROR;
				CLANG_WARN_DOCUMENTATION_COMMENTS = YES;
				CLANG_WARN_EMPTY_BODY = YES;
				CLANG_WARN_ENUM_CONVERSION = YES;
				CLANG_WARN_INFINITE_RECURSION = YES;
				CLANG_WARN_INT_CONVERSION = YES;
				CLANG_WARN_OBJC_ROOT_CLASS = YES_ERROR;
				CLANG_WARN_SUSPICIOUS_MOVE = YES;
				CLANG_WARN_UNREACHABLE_CODE = YES;
				CLANG_WARN__DUPLICATE_METHOD_MATCH = YES;
				"CODE_SIGN_IDENTITY[sdk=iphoneos*]" = "iPhone Developer";
				COPY_PHASE_STRIP = NO;
				DEBUG_INFORMATION_FORMAT = dwarf;
				ENABLE_STRICT_OBJC_MSGSEND = YES;
				ENABLE_TESTABILITY = YES;
				GCC_C_LANGUAGE_STANDARD = gnu99;
				GCC_DYNAMIC_NO_PIC = NO;
				GCC_NO_COMMON_BLOCKS = YES;
				GCC_OPTIMIZATION_LEVEL = 0;
				GCC_PREPROCESSOR_DEFINITIONS = (
					"DEBUG=1",
					"$(inherited)",
				);
				GCC_WARN_64_TO_32_BIT_CONVERSION = YES;
				GCC_WARN_ABOUT_RETURN_TYPE = YES_ERROR;
				GCC_WARN_UNDECLARED_SELECTOR = YES;
				GCC_WARN_UNINITIALIZED_AUTOS = YES_AGGRESSIVE;
				GCC_WARN_UNUSED_FUNCTION = YES;
				GCC_WARN_UNUSED_VARIABLE = YES;
				IPHONEOS_DEPLOYMENT_TARGET = 10.2;
				MTL_ENABLE_DEBUG_INFO = YES;
				ONLY_ACTIVE_ARCH = YES;
				SDKROOT = iphoneos;
			};
			name = Debug;
		};
		343BFBA71EA802C100CEC472 /* Release */ = {
			isa = XCBuildConfiguration;
			buildSettings = {
				ALWAYS_SEARCH_USER_PATHS = NO;
				CLANG_ANALYZER_NONNULL = YES;
				CLANG_CXX_LANGUAGE_STANDARD = "gnu++0x";
				CLANG_CXX_LIBRARY = "libc++";
				CLANG_ENABLE_MODULES = YES;
				CLANG_ENABLE_OBJC_ARC = YES;
				CLANG_WARN_BOOL_CONVERSION = YES;
				CLANG_WARN_CONSTANT_CONVERSION = YES;
				CLANG_WARN_DIRECT_OBJC_ISA_USAGE = YES_ERROR;
				CLANG_WARN_DOCUMENTATION_COMMENTS = YES;
				CLANG_WARN_EMPTY_BODY = YES;
				CLANG_WARN_ENUM_CONVERSION = YES;
				CLANG_WARN_INFINITE_RECURSION = YES;
				CLANG_WARN_INT_CONVERSION = YES;
				CLANG_WARN_OBJC_ROOT_CLASS = YES_ERROR;
				CLANG_WARN_SUSPICIOUS_MOVE = YES;
				CLANG_WARN_UNREACHABLE_CODE = YES;
				CLANG_WARN__DUPLICATE_METHOD_MATCH = YES;
				"CODE_SIGN_IDENTITY[sdk=iphoneos*]" = "iPhone Developer";
				COPY_PHASE_STRIP = NO;
				DEBUG_INFORMATION_FORMAT = "dwarf-with-dsym";
				ENABLE_NS_ASSERTIONS = NO;
				ENABLE_STRICT_OBJC_MSGSEND = YES;
				GCC_C_LANGUAGE_STANDARD = gnu99;
				GCC_NO_COMMON_BLOCKS = YES;
				GCC_WARN_64_TO_32_BIT_CONVERSION = YES;
				GCC_WARN_ABOUT_RETURN_TYPE = YES_ERROR;
				GCC_WARN_UNDECLARED_SELECTOR = YES;
				GCC_WARN_UNINITIALIZED_AUTOS = YES_AGGRESSIVE;
				GCC_WARN_UNUSED_FUNCTION = YES;
				GCC_WARN_UNUSED_VARIABLE = YES;
				IPHONEOS_DEPLOYMENT_TARGET = 10.2;
				MTL_ENABLE_DEBUG_INFO = NO;
				SDKROOT = iphoneos;
				VALIDATE_PRODUCT = YES;
			};
			name = Release;
		};
		343BFBA91EA802C100CEC472 /* Debug */ = {
			isa = XCBuildConfiguration;
			buildSettings = {
				ASSETCATALOG_COMPILER_APPICON_NAME = AppIcon;
				DEVELOPMENT_TEAM = YSVD2VLRXZ;
				INFOPLIST_FILE = MetroNavigation/Info.plist;
				LD_RUNPATH_SEARCH_PATHS = "$(inherited) @executable_path/Frameworks";
				PRODUCT_BUNDLE_IDENTIFIER = com.kpi.university.MetroNavigation;
				PRODUCT_NAME = "$(TARGET_NAME)";
				TARGETED_DEVICE_FAMILY = 1;
			};
			name = Debug;
		};
		343BFBAA1EA802C100CEC472 /* Release */ = {
			isa = XCBuildConfiguration;
			buildSettings = {
				ASSETCATALOG_COMPILER_APPICON_NAME = AppIcon;
				DEVELOPMENT_TEAM = YSVD2VLRXZ;
				INFOPLIST_FILE = MetroNavigation/Info.plist;
				LD_RUNPATH_SEARCH_PATHS = "$(inherited) @executable_path/Frameworks";
				PRODUCT_BUNDLE_IDENTIFIER = com.kpi.university.MetroNavigation;
				PRODUCT_NAME = "$(TARGET_NAME)";
				TARGETED_DEVICE_FAMILY = 1;
			};
			name = Release;
		};
		343BFBAC1EA802C100CEC472 /* Debug */ = {
			isa = XCBuildConfiguration;
			buildSettings = {
				BUNDLE_LOADER = "$(TEST_HOST)";
				DEVELOPMENT_TEAM = YSVD2VLRXZ;
				INFOPLIST_FILE = MetroNavigationTests/Info.plist;
				LD_RUNPATH_SEARCH_PATHS = "$(inherited) @executable_path/Frameworks @loader_path/Frameworks";
				PRODUCT_BUNDLE_IDENTIFIER = com.kpi.university.MetroNavigationTests;
				PRODUCT_NAME = "$(TARGET_NAME)";
				TEST_HOST = "$(BUILT_PRODUCTS_DIR)/MetroNavigation.app/MetroNavigation";
			};
			name = Debug;
		};
		343BFBAD1EA802C100CEC472 /* Release */ = {
			isa = XCBuildConfiguration;
			buildSettings = {
				BUNDLE_LOADER = "$(TEST_HOST)";
				DEVELOPMENT_TEAM = YSVD2VLRXZ;
				INFOPLIST_FILE = MetroNavigationTests/Info.plist;
				LD_RUNPATH_SEARCH_PATHS = "$(inherited) @executable_path/Frameworks @loader_path/Frameworks";
				PRODUCT_BUNDLE_IDENTIFIER = com.kpi.university.MetroNavigationTests;
				PRODUCT_NAME = "$(TARGET_NAME)";
				TEST_HOST = "$(BUILT_PRODUCTS_DIR)/MetroNavigation.app/MetroNavigation";
			};
			name = Release;
		};
		343BFBAF1EA802C100CEC472 /* Debug */ = {
			isa = XCBuildConfiguration;
			buildSettings = {
				DEVELOPMENT_TEAM = YSVD2VLRXZ;
				INFOPLIST_FILE = MetroNavigationUITests/Info.plist;
				LD_RUNPATH_SEARCH_PATHS = "$(inherited) @executable_path/Frameworks @loader_path/Frameworks";
				PRODUCT_BUNDLE_IDENTIFIER = com.kpi.university.MetroNavigationUITests;
				PRODUCT_NAME = "$(TARGET_NAME)";
				TEST_TARGET_NAME = MetroNavigation;
			};
			name = Debug;
		};
		343BFBB01EA802C100CEC472 /* Release */ = {
			isa = XCBuildConfiguration;
			buildSettings = {
				DEVELOPMENT_TEAM = YSVD2VLRXZ;
				INFOPLIST_FILE = MetroNavigationUITests/Info.plist;
				LD_RUNPATH_SEARCH_PATHS = "$(inherited) @executable_path/Frameworks @loader_path/Frameworks";
				PRODUCT_BUNDLE_IDENTIFIER = com.kpi.university.MetroNavigationUITests;
				PRODUCT_NAME = "$(TARGET_NAME)";
				TEST_TARGET_NAME = MetroNavigation;
			};
			name = Release;
		};
/* End XCBuildConfiguration section */

/* Begin XCConfigurationList section */
		343BFB761EA802C100CEC472 /* Build configuration list for PBXProject "MetroNavigation" */ = {
			isa = XCConfigurationList;
			buildConfigurations = (
				343BFBA61EA802C100CEC472 /* Debug */,
				343BFBA71EA802C100CEC472 /* Release */,
			);
			defaultConfigurationIsVisible = 0;
			defaultConfigurationName = Release;
		};
		343BFBA81EA802C100CEC472 /* Build configuration list for PBXNativeTarget "MetroNavigation" */ = {
			isa = XCConfigurationList;
			buildConfigurations = (
				343BFBA91EA802C100CEC472 /* Debug */,
				343BFBAA1EA802C100CEC472 /* Release */,
			);
			defaultConfigurationIsVisible = 0;
			defaultConfigurationName = Release;
		};
		343BFBAB1EA802C100CEC472 /* Build configuration list for PBXNativeTarget "MetroNavigationTests" */ = {
			isa = XCConfigurationList;
			buildConfigurations = (
				343BFBAC1EA802C100CEC472 /* Debug */,
				343BFBAD1EA802C100CEC472 /* Release */,
			);
			defaultConfigurationIsVisible = 0;
			defaultConfigurationName = Release;
		};
		343BFBAE1EA802C100CEC472 /* Build configuration list for PBXNativeTarget "MetroNavigationUITests" */ = {
			isa = XCConfigurationList;
			buildConfigurations = (
				343BFBAF1EA802C100CEC472 /* Debug */,
				343BFBB01EA802C100CEC472 /* Release */,
			);
			defaultConfigurationIsVisible = 0;
			defaultConfigurationName = Release;
		};
/* End XCConfigurationList section */
	};
	rootObject = 343BFB731EA802C100CEC472 /* Project object */;
}
